
Microsoft Visual Studio Solution File, Format Version 12.00
# Visual Studio Version 17
VisualStudioVersion = 17.1.32414.318
MinimumVisualStudioVersion = 10.0.40219.1
Project("{FAE04EC0-301F-11D3-BF4B-00C04F79EFBC}") = "Multiples of 3 and 5", "Multiples of 3 and 5\Multiples of 3 and 5.csproj", "{27C80F48-53D1-49AF-8A75-957A5E5D581F}"
EndProject
Global
	GlobalSection(SolutionConfigurationPlatforms) = preSolution
		Debug|Any CPU = Debug|Any CPU
		Release|Any CPU = Release|Any CPU
	EndGlobalSection
	GlobalSection(ProjectConfigurationPlatforms) = postSolution
		{27C80F48-53D1-49AF-8A75-957A5E5D581F}.Debug|Any CPU.ActiveCfg = Debug|Any CPU
		{27C80F48-53D1-49AF-8A75-957A5E5D581F}.Debug|Any CPU.Build.0 = Debug|Any CPU
		{27C80F48-53D1-49AF-8A75-957A5E5D581F}.Release|Any CPU.ActiveCfg = Release|Any CPU
		{27C80F48-53D1-49AF-8A75-957A5E5D581F}.Release|Any CPU.Build.0 = Release|Any CPU
	EndGlobalSection
	GlobalSection(SolutionProperties) = preSolution
		HideSolutionNode = FALSE
	EndGlobalSection
	GlobalSection(ExtensibilityGlobals) = postSolution
		SolutionGuid = {36F9DB48-1704-43F5-9C16-32466A773034}
	EndGlobalSection
EndGlobal
